
Microsoft Visual Studio Solution File, Format Version 12.00
# Visual Studio Version 17
VisualStudioVersion = 17.4.33603.86
MinimumVisualStudioVersion = 10.0.40219.1
Project("{9A19103F-16F7-4668-BE54-9A1E7A4F7556}") = "BlazorWebDemo.Server", "BlazorWebDemo\Server\BlazorWebDemo.Server.csproj", "{3DA1BC8B-E35C-4336-BE10-8D8F41117D4D}"
EndProject
Project("{9A19103F-16F7-4668-BE54-9A1E7A4F7556}") = "BlazorWebDemo.Client", "BlazorWebDemo\Client\BlazorWebDemo.Client.csproj", "{854C560E-3ADB-401A-AB5B-7CE386BF047A}"
EndProject
Project("{9A19103F-16F7-4668-BE54-9A1E7A4F7556}") = "BlazorWebDemo.Shared", "BlazorWebDemo\Shared\BlazorWebDemo.Shared.csproj", "{2BC92710-CE22-4FDC-A77D-CDD007E04BBD}"
EndProject
Project("{9A19103F-16F7-4668-BE54-9A1E7A4F7556}") = "EmployeeManagement.Models", "EmployeeManagement.Models\EmployeeManagement.Models.csproj", "{E37CCF57-D43C-4E39-8607-2A93A4218D37}"
EndProject
Project("{9A19103F-16F7-4668-BE54-9A1E7A4F7556}") = "EmployeeManagement.Api", "EmployeeManagement.Api\EmployeeManagement.Api.csproj", "{E8241BFB-A36C-4115-9C82-CC2B50AB24DF}"
EndProject
Global
	GlobalSection(SolutionConfigurationPlatforms) = preSolution
		Debug|Any CPU = Debug|Any CPU
		Release|Any CPU = Release|Any CPU
	EndGlobalSection
	GlobalSection(ProjectConfigurationPlatforms) = postSolution
		{3DA1BC8B-E35C-4336-BE10-8D8F41117D4D}.Debug|Any CPU.ActiveCfg = Debug|Any CPU
		{3DA1BC8B-E35C-4336-BE10-8D8F41117D4D}.Debug|Any CPU.Build.0 = Debug|Any CPU
		{3DA1BC8B-E35C-4336-BE10-8D8F41117D4D}.Release|Any CPU.ActiveCfg = Release|Any CPU
		{3DA1BC8B-E35C-4336-BE10-8D8F41117D4D}.Release|Any CPU.Build.0 = Release|Any CPU
		{854C560E-3ADB-401A-AB5B-7CE386BF047A}.Debug|Any CPU.ActiveCfg = Debug|Any CPU
		{854C560E-3ADB-401A-AB5B-7CE386BF047A}.Debug|Any CPU.Build.0 = Debug|Any CPU
		{854C560E-3ADB-401A-AB5B-7CE386BF047A}.Release|Any CPU.ActiveCfg = Release|Any CPU
		{854C560E-3ADB-401A-AB5B-7CE386BF047A}.Release|Any CPU.Build.0 = Release|Any CPU
		{2BC92710-CE22-4FDC-A77D-CDD007E04BBD}.Debug|Any CPU.ActiveCfg = Debug|Any CPU
		{2BC92710-CE22-4FDC-A77D-CDD007E04BBD}.Debug|Any CPU.Build.0 = Debug|Any CPU
		{2BC92710-CE22-4FDC-A77D-CDD007E04BBD}.Release|Any CPU.ActiveCfg = Release|Any CPU
		{2BC92710-CE22-4FDC-A77D-CDD007E04BBD}.Release|Any CPU.Build.0 = Release|Any CPU
		{E37CCF57-D43C-4E39-8607-2A93A4218D37}.Debug|Any CPU.ActiveCfg = Debug|Any CPU
		{E37CCF57-D43C-4E39-8607-2A93A4218D37}.Debug|Any CPU.Build.0 = Debug|Any CPU
		{E37CCF57-D43C-4E39-8607-2A93A4218D37}.Release|Any CPU.ActiveCfg = Release|Any CPU
		{E37CCF57-D43C-4E39-8607-2A93A4218D37}.Release|Any CPU.Build.0 = Release|Any CPU
		{E8241BFB-A36C-4115-9C82-CC2B50AB24DF}.Debug|Any CPU.ActiveCfg = Debug|Any CPU
		{E8241BFB-A36C-4115-9C82-CC2B50AB24DF}.Debug|Any CPU.Build.0 = Debug|Any CPU
		{E8241BFB-A36C-4115-9C82-CC2B50AB24DF}.Release|Any CPU.ActiveCfg = Release|Any CPU
		{E8241BFB-A36C-4115-9C82-CC2B50AB24DF}.Release|Any CPU.Build.0 = Release|Any CPU
	EndGlobalSection
	GlobalSection(SolutionProperties) = preSolution
		HideSolutionNode = FALSE
	EndGlobalSection
	GlobalSection(ExtensibilityGlobals) = postSolution
		SolutionGuid = {29D87312-4920-45EC-B216-91727C0FDF2A}
	EndGlobalSection
EndGlobal
