
Microsoft Visual Studio Solution File, Format Version 12.00
# Visual Studio Version 17
VisualStudioVersion = 17.4.33603.86
MinimumVisualStudioVersion = 10.0.40219.1
Project("{FAE04EC0-301F-11D3-BF4B-00C04F79EFBC}") = "BlazorWebDemo.Server", "BlazorWebDemo\Server\BlazorWebDemo.Server.csproj", "{3DA1BC8B-E35C-4336-BE10-8D8F41117D4D}"
EndProject
Project("{FAE04EC0-301F-11D3-BF4B-00C04F79EFBC}") = "BlazorWebDemo.Client", "BlazorWebDemo\Client\BlazorWebDemo.Client.csproj", "{854C560E-3ADB-401A-AB5B-7CE386BF047A}"
EndProject
Project("{FAE04EC0-301F-11D3-BF4B-00C04F79EFBC}") = "BlazorWebDemo.Shared", "BlazorWebDemo\Shared\BlazorWebDemo.Shared.csproj", "{2BC92710-CE22-4FDC-A77D-CDD007E04BBD}"
EndProject
Global
	GlobalSection(SolutionConfigurationPlatforms) = preSolution
		Debug|Any CPU = Debug|Any CPU
		Release|Any CPU = Release|Any CPU
	EndGlobalSection
	GlobalSection(ProjectConfigurationPlatforms) = postSolution
		{3DA1BC8B-E35C-4336-BE10-8D8F41117D4D}.Debug|Any CPU.ActiveCfg = Debug|Any CPU
		{3DA1BC8B-E35C-4336-BE10-8D8F41117D4D}.Debug|Any CPU.Build.0 = Debug|Any CPU
		{3DA1BC8B-E35C-4336-BE10-8D8F41117D4D}.Release|Any CPU.ActiveCfg = Release|Any CPU
		{3DA1BC8B-E35C-4336-BE10-8D8F41117D4D}.Release|Any CPU.Build.0 = Release|Any CPU
		{854C560E-3ADB-401A-AB5B-7CE386BF047A}.Debug|Any CPU.ActiveCfg = Debug|Any CPU
		{854C560E-3ADB-401A-AB5B-7CE386BF047A}.Debug|Any CPU.Build.0 = Debug|Any CPU
		{854C560E-3ADB-401A-AB5B-7CE386BF047A}.Release|Any CPU.ActiveCfg = Release|Any CPU
		{854C560E-3ADB-401A-AB5B-7CE386BF047A}.Release|Any CPU.Build.0 = Release|Any CPU
		{2BC92710-CE22-4FDC-A77D-CDD007E04BBD}.Debug|Any CPU.ActiveCfg = Debug|Any CPU
		{2BC92710-CE22-4FDC-A77D-CDD007E04BBD}.Debug|Any CPU.Build.0 = Debug|Any CPU
		{2BC92710-CE22-4FDC-A77D-CDD007E04BBD}.Release|Any CPU.ActiveCfg = Release|Any CPU
		{2BC92710-CE22-4FDC-A77D-CDD007E04BBD}.Release|Any CPU.Build.0 = Release|Any CPU
	EndGlobalSection
	GlobalSection(SolutionProperties) = preSolution
		HideSolutionNode = FALSE
	EndGlobalSection
	GlobalSection(ExtensibilityGlobals) = postSolution
		SolutionGuid = {29D87312-4920-45EC-B216-91727C0FDF2A}
	EndGlobalSection
EndGlobal
